
Microsoft Visual Studio Solution File, Format Version 12.00
# Visual Studio Version 17
VisualStudioVersion = 17.4.33213.308
MinimumVisualStudioVersion = 10.0.40219.1
Project("{E53339B2-1760-4266-BCC7-CA923CBCF16C}") = "docker-compose", "docker-compose.dcproj", "{A6D98919-787A-4514-8892-91064538C62B}"
EndProject
Project("{2150E333-8FDC-42A3-9474-1A3956D46DE8}") = "src", "src", "{748D3502-E203-4806-A01E-E91903689FDC}"
EndProject
Project("{2150E333-8FDC-42A3-9474-1A3956D46DE8}") = "BuildingBlocks", "BuildingBlocks", "{7068F80D-B572-4234-99FA-30A6073318B3}"
EndProject
Project("{2150E333-8FDC-42A3-9474-1A3956D46DE8}") = "dapr", "dapr", "{A937B065-BC44-4BB1-9265-E5086EBFB9EF}"
EndProject
Project("{2150E333-8FDC-42A3-9474-1A3956D46DE8}") = "Delivery", "Delivery", "{50D2F64D-7E59-4B1D-B01C-FB5654F92F99}"
EndProject
Project("{2150E333-8FDC-42A3-9474-1A3956D46DE8}") = "Payments", "Payments", "{23E6E336-BE4D-4F7A-A6CE-7AA0980E9D70}"
EndProject
Project("{2150E333-8FDC-42A3-9474-1A3956D46DE8}") = "SharedKernel", "SharedKernel", "{76D475AF-8EB5-447E-95B2-5A24E7D0E28E}"
EndProject
Project("{2150E333-8FDC-42A3-9474-1A3956D46DE8}") = "EventBus", "EventBus", "{7D919019-73DB-42A2-8B74-9BBF520387AF}"
EndProject
Project("{2150E333-8FDC-42A3-9474-1A3956D46DE8}") = "Healtchecks", "Healtchecks", "{59075EEA-FFA1-4895-A40E-322758573F83}"
EndProject
Project("{9A19103F-16F7-4668-BE54-9A1E7A4F7556}") = "EventBus", "src\BuildingBlocks\EventBus\EventBus.csproj", "{BAF0B08E-13A1-433D-8467-5D5843D622E4}"
EndProject
Project("{9A19103F-16F7-4668-BE54-9A1E7A4F7556}") = "Healtchecks", "src\BuildingBlocks\Healtchecks\Healtchecks.csproj", "{25A1573A-3F38-442E-B4A4-9E32983A69D8}"
EndProject
Project("{9A19103F-16F7-4668-BE54-9A1E7A4F7556}") = "Delivery.Api", "src\Delivery\Delivery.Api\Delivery.Api.csproj", "{BCE4FADC-8267-406F-88C6-8D6B5322DD73}"
EndProject
Project("{9A19103F-16F7-4668-BE54-9A1E7A4F7556}") = "Delivery.Domain", "src\Delivery\Delivery.Domain\Delivery.Domain.csproj", "{D512193C-5C30-4510-9A36-59043C0176E4}"
EndProject
Project("{9A19103F-16F7-4668-BE54-9A1E7A4F7556}") = "Delivery.Infrastructure", "src\Delivery\Delivery.Infrastructure\Delivery.Infrastructure.csproj", "{A5194C9E-E69E-438B-AB5E-69A20C69407C}"
EndProject
Project("{9A19103F-16F7-4668-BE54-9A1E7A4F7556}") = "Payments.Api", "src\Payments\Payments.Api\Payments.Api.csproj", "{995906D2-F599-4FE7-B9CC-AD626364FCF3}"
EndProject
Project("{9A19103F-16F7-4668-BE54-9A1E7A4F7556}") = "Payments.Domain", "src\Payments\Payments.Domain\Payments.Domain.csproj", "{43561B47-0429-4A20-9EF0-FBF9B66E28A0}"
EndProject
Project("{9A19103F-16F7-4668-BE54-9A1E7A4F7556}") = "Payments.Infrastructure", "src\Payments\Payments.Infrastructure\Payments.Infrastructure.csproj", "{DF4C041E-8B9B-4C4D-B96D-69FBF6BC8F6F}"
EndProject
Project("{9A19103F-16F7-4668-BE54-9A1E7A4F7556}") = "SharedKernel", "src\SharedKernel\SharedKernel.csproj", "{15CB633C-7EDF-4F2B-952B-FA4ACFEAA5FD}"
EndProject
Global
	GlobalSection(SolutionConfigurationPlatforms) = preSolution
		Debug|Any CPU = Debug|Any CPU
		Release|Any CPU = Release|Any CPU
	EndGlobalSection
	GlobalSection(ProjectConfigurationPlatforms) = postSolution
		{A6D98919-787A-4514-8892-91064538C62B}.Debug|Any CPU.ActiveCfg = Debug|Any CPU
		{A6D98919-787A-4514-8892-91064538C62B}.Debug|Any CPU.Build.0 = Debug|Any CPU
		{A6D98919-787A-4514-8892-91064538C62B}.Release|Any CPU.ActiveCfg = Release|Any CPU
		{A6D98919-787A-4514-8892-91064538C62B}.Release|Any CPU.Build.0 = Release|Any CPU
		{BAF0B08E-13A1-433D-8467-5D5843D622E4}.Debug|Any CPU.ActiveCfg = Debug|Any CPU
		{BAF0B08E-13A1-433D-8467-5D5843D622E4}.Debug|Any CPU.Build.0 = Debug|Any CPU
		{BAF0B08E-13A1-433D-8467-5D5843D622E4}.Release|Any CPU.ActiveCfg = Release|Any CPU
		{BAF0B08E-13A1-433D-8467-5D5843D622E4}.Release|Any CPU.Build.0 = Release|Any CPU
		{25A1573A-3F38-442E-B4A4-9E32983A69D8}.Debug|Any CPU.ActiveCfg = Debug|Any CPU
		{25A1573A-3F38-442E-B4A4-9E32983A69D8}.Debug|Any CPU.Build.0 = Debug|Any CPU
		{25A1573A-3F38-442E-B4A4-9E32983A69D8}.Release|Any CPU.ActiveCfg = Release|Any CPU
		{25A1573A-3F38-442E-B4A4-9E32983A69D8}.Release|Any CPU.Build.0 = Release|Any CPU
		{BCE4FADC-8267-406F-88C6-8D6B5322DD73}.Debug|Any CPU.ActiveCfg = Debug|Any CPU
		{BCE4FADC-8267-406F-88C6-8D6B5322DD73}.Debug|Any CPU.Build.0 = Debug|Any CPU
		{BCE4FADC-8267-406F-88C6-8D6B5322DD73}.Release|Any CPU.ActiveCfg = Release|Any CPU
		{BCE4FADC-8267-406F-88C6-8D6B5322DD73}.Release|Any CPU.Build.0 = Release|Any CPU
		{D512193C-5C30-4510-9A36-59043C0176E4}.Debug|Any CPU.ActiveCfg = Debug|Any CPU
		{D512193C-5C30-4510-9A36-59043C0176E4}.Debug|Any CPU.Build.0 = Debug|Any CPU
		{D512193C-5C30-4510-9A36-59043C0176E4}.Release|Any CPU.ActiveCfg = Release|Any CPU
		{D512193C-5C30-4510-9A36-59043C0176E4}.Release|Any CPU.Build.0 = Release|Any CPU
		{A5194C9E-E69E-438B-AB5E-69A20C69407C}.Debug|Any CPU.ActiveCfg = Debug|Any CPU
		{A5194C9E-E69E-438B-AB5E-69A20C69407C}.Debug|Any CPU.Build.0 = Debug|Any CPU
		{A5194C9E-E69E-438B-AB5E-69A20C69407C}.Release|Any CPU.ActiveCfg = Release|Any CPU
		{A5194C9E-E69E-438B-AB5E-69A20C69407C}.Release|Any CPU.Build.0 = Release|Any CPU
		{995906D2-F599-4FE7-B9CC-AD626364FCF3}.Debug|Any CPU.ActiveCfg = Debug|Any CPU
		{995906D2-F599-4FE7-B9CC-AD626364FCF3}.Debug|Any CPU.Build.0 = Debug|Any CPU
		{995906D2-F599-4FE7-B9CC-AD626364FCF3}.Release|Any CPU.ActiveCfg = Release|Any CPU
		{995906D2-F599-4FE7-B9CC-AD626364FCF3}.Release|Any CPU.Build.0 = Release|Any CPU
		{43561B47-0429-4A20-9EF0-FBF9B66E28A0}.Debug|Any CPU.ActiveCfg = Debug|Any CPU
		{43561B47-0429-4A20-9EF0-FBF9B66E28A0}.Debug|Any CPU.Build.0 = Debug|Any CPU
		{43561B47-0429-4A20-9EF0-FBF9B66E28A0}.Release|Any CPU.ActiveCfg = Release|Any CPU
		{43561B47-0429-4A20-9EF0-FBF9B66E28A0}.Release|Any CPU.Build.0 = Release|Any CPU
		{DF4C041E-8B9B-4C4D-B96D-69FBF6BC8F6F}.Debug|Any CPU.ActiveCfg = Debug|Any CPU
		{DF4C041E-8B9B-4C4D-B96D-69FBF6BC8F6F}.Debug|Any CPU.Build.0 = Debug|Any CPU
		{DF4C041E-8B9B-4C4D-B96D-69FBF6BC8F6F}.Release|Any CPU.ActiveCfg = Release|Any CPU
		{DF4C041E-8B9B-4C4D-B96D-69FBF6BC8F6F}.Release|Any CPU.Build.0 = Release|Any CPU
		{15CB633C-7EDF-4F2B-952B-FA4ACFEAA5FD}.Debug|Any CPU.ActiveCfg = Debug|Any CPU
		{15CB633C-7EDF-4F2B-952B-FA4ACFEAA5FD}.Debug|Any CPU.Build.0 = Debug|Any CPU
		{15CB633C-7EDF-4F2B-952B-FA4ACFEAA5FD}.Release|Any CPU.ActiveCfg = Release|Any CPU
		{15CB633C-7EDF-4F2B-952B-FA4ACFEAA5FD}.Release|Any CPU.Build.0 = Release|Any CPU
	EndGlobalSection
	GlobalSection(SolutionProperties) = preSolution
		HideSolutionNode = FALSE
	EndGlobalSection
	GlobalSection(NestedProjects) = preSolution
		{7068F80D-B572-4234-99FA-30A6073318B3} = {748D3502-E203-4806-A01E-E91903689FDC}
		{A937B065-BC44-4BB1-9265-E5086EBFB9EF} = {748D3502-E203-4806-A01E-E91903689FDC}
		{50D2F64D-7E59-4B1D-B01C-FB5654F92F99} = {748D3502-E203-4806-A01E-E91903689FDC}
		{23E6E336-BE4D-4F7A-A6CE-7AA0980E9D70} = {748D3502-E203-4806-A01E-E91903689FDC}
		{76D475AF-8EB5-447E-95B2-5A24E7D0E28E} = {748D3502-E203-4806-A01E-E91903689FDC}
		{7D919019-73DB-42A2-8B74-9BBF520387AF} = {7068F80D-B572-4234-99FA-30A6073318B3}
		{59075EEA-FFA1-4895-A40E-322758573F83} = {7068F80D-B572-4234-99FA-30A6073318B3}
		{BAF0B08E-13A1-433D-8467-5D5843D622E4} = {7D919019-73DB-42A2-8B74-9BBF520387AF}
		{25A1573A-3F38-442E-B4A4-9E32983A69D8} = {59075EEA-FFA1-4895-A40E-322758573F83}
		{BCE4FADC-8267-406F-88C6-8D6B5322DD73} = {50D2F64D-7E59-4B1D-B01C-FB5654F92F99}
		{D512193C-5C30-4510-9A36-59043C0176E4} = {50D2F64D-7E59-4B1D-B01C-FB5654F92F99}
		{A5194C9E-E69E-438B-AB5E-69A20C69407C} = {50D2F64D-7E59-4B1D-B01C-FB5654F92F99}
		{995906D2-F599-4FE7-B9CC-AD626364FCF3} = {23E6E336-BE4D-4F7A-A6CE-7AA0980E9D70}
		{43561B47-0429-4A20-9EF0-FBF9B66E28A0} = {23E6E336-BE4D-4F7A-A6CE-7AA0980E9D70}
		{DF4C041E-8B9B-4C4D-B96D-69FBF6BC8F6F} = {23E6E336-BE4D-4F7A-A6CE-7AA0980E9D70}
		{15CB633C-7EDF-4F2B-952B-FA4ACFEAA5FD} = {76D475AF-8EB5-447E-95B2-5A24E7D0E28E}
	EndGlobalSection
	GlobalSection(ExtensibilityGlobals) = postSolution
		SolutionGuid = {51F6D8CC-B08C-4D05-A5BA-69F7BAD19CA7}
	EndGlobalSection
EndGlobal
