
Microsoft Visual Studio Solution File, Format Version 12.00
# Visual Studio Version 17
VisualStudioVersion = 17.0.32014.148
MinimumVisualStudioVersion = 10.0.40219.1
Project("{FAE04EC0-301F-11D3-BF4B-00C04F79EFBC}") = "SharedKernel", "SharedKernel.csproj", "{EC024AD7-A978-4F97-8B4E-4C2D9AEC56D8}"
EndProject
Global
	GlobalSection(SolutionConfigurationPlatforms) = preSolution
		Debug|Any CPU = Debug|Any CPU
		Release|Any CPU = Release|Any CPU
	EndGlobalSection
	GlobalSection(ProjectConfigurationPlatforms) = postSolution
		{EC024AD7-A978-4F97-8B4E-4C2D9AEC56D8}.Debug|Any CPU.ActiveCfg = Debug|Any CPU
		{EC024AD7-A978-4F97-8B4E-4C2D9AEC56D8}.Debug|Any CPU.Build.0 = Debug|Any CPU
		{EC024AD7-A978-4F97-8B4E-4C2D9AEC56D8}.Release|Any CPU.ActiveCfg = Release|Any CPU
		{EC024AD7-A978-4F97-8B4E-4C2D9AEC56D8}.Release|Any CPU.Build.0 = Release|Any CPU
	EndGlobalSection
	GlobalSection(SolutionProperties) = preSolution
		HideSolutionNode = FALSE
	EndGlobalSection
	GlobalSection(ExtensibilityGlobals) = postSolution
		SolutionGuid = {7EB056D2-9984-4511-849D-AC913803F469}
	EndGlobalSection
EndGlobal
