
Microsoft Visual Studio Solution File, Format Version 12.00
# Visual Studio Version 16
VisualStudioVersion = 16.0.30711.63
MinimumVisualStudioVersion = 10.0.40219.1
Project("{FAE04EC0-301F-11D3-BF4B-00C04F79EFBC}") = "Delivery.Api", "Delivery.Api\Delivery.Api.csproj", "{A8D9F3CF-1A21-4C88-8DB6-21897F93CF4A}"
EndProject
Project("{FAE04EC0-301F-11D3-BF4B-00C04F79EFBC}") = "Delivery.Domain", "Delivery.Domain\Delivery.Domain.csproj", "{65F1DCB8-55CE-4501-A184-837C436F7B06}"
EndProject
Project("{FAE04EC0-301F-11D3-BF4B-00C04F79EFBC}") = "Delivery.Infrastructure", "Delivery.Infrastructure\Delivery.Infrastructure.csproj", "{99B0F880-F34B-4BF5-B230-16396C7E7CA0}"
EndProject
Global
	GlobalSection(SolutionConfigurationPlatforms) = preSolution
		Debug|Any CPU = Debug|Any CPU
		Release|Any CPU = Release|Any CPU
	EndGlobalSection
	GlobalSection(ProjectConfigurationPlatforms) = postSolution
		{A8D9F3CF-1A21-4C88-8DB6-21897F93CF4A}.Debug|Any CPU.ActiveCfg = Debug|Any CPU
		{A8D9F3CF-1A21-4C88-8DB6-21897F93CF4A}.Debug|Any CPU.Build.0 = Debug|Any CPU
		{A8D9F3CF-1A21-4C88-8DB6-21897F93CF4A}.Release|Any CPU.ActiveCfg = Release|Any CPU
		{A8D9F3CF-1A21-4C88-8DB6-21897F93CF4A}.Release|Any CPU.Build.0 = Release|Any CPU
		{65F1DCB8-55CE-4501-A184-837C436F7B06}.Debug|Any CPU.ActiveCfg = Debug|Any CPU
		{65F1DCB8-55CE-4501-A184-837C436F7B06}.Debug|Any CPU.Build.0 = Debug|Any CPU
		{65F1DCB8-55CE-4501-A184-837C436F7B06}.Release|Any CPU.ActiveCfg = Release|Any CPU
		{65F1DCB8-55CE-4501-A184-837C436F7B06}.Release|Any CPU.Build.0 = Release|Any CPU
		{99B0F880-F34B-4BF5-B230-16396C7E7CA0}.Debug|Any CPU.ActiveCfg = Debug|Any CPU
		{99B0F880-F34B-4BF5-B230-16396C7E7CA0}.Debug|Any CPU.Build.0 = Debug|Any CPU
		{99B0F880-F34B-4BF5-B230-16396C7E7CA0}.Release|Any CPU.ActiveCfg = Release|Any CPU
		{99B0F880-F34B-4BF5-B230-16396C7E7CA0}.Release|Any CPU.Build.0 = Release|Any CPU
	EndGlobalSection
	GlobalSection(SolutionProperties) = preSolution
		HideSolutionNode = FALSE
	EndGlobalSection
	GlobalSection(ExtensibilityGlobals) = postSolution
		SolutionGuid = {D1981DB0-0B35-4597-AC83-83AEC63D83E2}
	EndGlobalSection
EndGlobal
