
Microsoft Visual Studio Solution File, Format Version 12.00
# Visual Studio Version 16
VisualStudioVersion = 16.0.31911.196
MinimumVisualStudioVersion = 10.0.40219.1
Project("{9A19103F-16F7-4668-BE54-9A1E7A4F7556}") = "Payments.Domain", "Payments.Domain\Payments.Domain.csproj", "{74C7C965-CF3F-49AC-A5B9-BE97441D65D0}"
EndProject
Project("{9A19103F-16F7-4668-BE54-9A1E7A4F7556}") = "Payments.Infrastructure", "Payments.Infrastructure\Payments.Infrastructure.csproj", "{19767D7F-F237-415D-B8C3-F7354EA89845}"
EndProject
Project("{9A19103F-16F7-4668-BE54-9A1E7A4F7556}") = "Payments.Api", "Payments.Api\Payments.Api.csproj", "{5A903CDA-C923-4971-B637-D4402FF5187D}"
EndProject
Global
	GlobalSection(SolutionConfigurationPlatforms) = preSolution
		Debug|Any CPU = Debug|Any CPU
		Release|Any CPU = Release|Any CPU
	EndGlobalSection
	GlobalSection(ProjectConfigurationPlatforms) = postSolution
		{74C7C965-CF3F-49AC-A5B9-BE97441D65D0}.Debug|Any CPU.ActiveCfg = Debug|Any CPU
		{74C7C965-CF3F-49AC-A5B9-BE97441D65D0}.Debug|Any CPU.Build.0 = Debug|Any CPU
		{74C7C965-CF3F-49AC-A5B9-BE97441D65D0}.Release|Any CPU.ActiveCfg = Release|Any CPU
		{74C7C965-CF3F-49AC-A5B9-BE97441D65D0}.Release|Any CPU.Build.0 = Release|Any CPU
		{19767D7F-F237-415D-B8C3-F7354EA89845}.Debug|Any CPU.ActiveCfg = Debug|Any CPU
		{19767D7F-F237-415D-B8C3-F7354EA89845}.Debug|Any CPU.Build.0 = Debug|Any CPU
		{19767D7F-F237-415D-B8C3-F7354EA89845}.Release|Any CPU.ActiveCfg = Release|Any CPU
		{19767D7F-F237-415D-B8C3-F7354EA89845}.Release|Any CPU.Build.0 = Release|Any CPU
		{5A903CDA-C923-4971-B637-D4402FF5187D}.Debug|Any CPU.ActiveCfg = Debug|Any CPU
		{5A903CDA-C923-4971-B637-D4402FF5187D}.Debug|Any CPU.Build.0 = Debug|Any CPU
		{5A903CDA-C923-4971-B637-D4402FF5187D}.Release|Any CPU.ActiveCfg = Release|Any CPU
		{5A903CDA-C923-4971-B637-D4402FF5187D}.Release|Any CPU.Build.0 = Release|Any CPU
	EndGlobalSection
	GlobalSection(SolutionProperties) = preSolution
		HideSolutionNode = FALSE
	EndGlobalSection
	GlobalSection(ExtensibilityGlobals) = postSolution
		SolutionGuid = {4D7E87EE-9020-4659-9C63-7DBDFEEBD0BF}
	EndGlobalSection
EndGlobal
